
Microsoft Visual Studio Solution File, Format Version 12.00
# Visual Studio Version 17
VisualStudioVersion = 17.3.32825.248
MinimumVisualStudioVersion = 10.0.40219.1
Project("{FAE04EC0-301F-11D3-BF4B-00C04F79EFBC}") = "abracadabra", "abracadabra.csproj", "{5392286C-25A6-439D-BFCB-82A7717981BA}"
EndProject
Project("{54435603-DBB4-11D2-8724-00A0C9A8B90C}") = "SetupWarehouseApp", "..\SetupWarehouseApp\SetupWarehouseApp.vdproj", "{BDED201F-5D30-48CA-9BEE-78FB6E58812B}"
EndProject
Global
	GlobalSection(SolutionConfigurationPlatforms) = preSolution
		Debug|Any CPU = Debug|Any CPU
		Release|Any CPU = Release|Any CPU
	EndGlobalSection
	GlobalSection(ProjectConfigurationPlatforms) = postSolution
		{5392286C-25A6-439D-BFCB-82A7717981BA}.Debug|Any CPU.ActiveCfg = Debug|Any CPU
		{5392286C-25A6-439D-BFCB-82A7717981BA}.Debug|Any CPU.Build.0 = Debug|Any CPU
		{5392286C-25A6-439D-BFCB-82A7717981BA}.Release|Any CPU.ActiveCfg = Release|Any CPU
		{5392286C-25A6-439D-BFCB-82A7717981BA}.Release|Any CPU.Build.0 = Release|Any CPU
		{BDED201F-5D30-48CA-9BEE-78FB6E58812B}.Debug|Any CPU.ActiveCfg = Debug
		{BDED201F-5D30-48CA-9BEE-78FB6E58812B}.Release|Any CPU.ActiveCfg = Release
	EndGlobalSection
	GlobalSection(SolutionProperties) = preSolution
		HideSolutionNode = FALSE
	EndGlobalSection
	GlobalSection(ExtensibilityGlobals) = postSolution
		SolutionGuid = {F1889446-5E27-4415-A56B-E8ECB5FDB62F}
	EndGlobalSection
EndGlobal
